
Microsoft Visual Studio Solution File, Format Version 12.00
# Visual Studio Version 17
VisualStudioVersion = 17.1.32421.90
MinimumVisualStudioVersion = 10.0.40219.1
Project("{FAE04EC0-301F-11D3-BF4B-00C04F79EFBC}") = "Visma", "Visma\Visma.csproj", "{60C2B270-645A-4C8B-A39A-78ED35B4C5C8}"
EndProject
Global
	GlobalSection(SolutionConfigurationPlatforms) = preSolution
		Debug|Any CPU = Debug|Any CPU
		Release|Any CPU = Release|Any CPU
	EndGlobalSection
	GlobalSection(ProjectConfigurationPlatforms) = postSolution
		{60C2B270-645A-4C8B-A39A-78ED35B4C5C8}.Debug|Any CPU.ActiveCfg = Debug|Any CPU
		{60C2B270-645A-4C8B-A39A-78ED35B4C5C8}.Debug|Any CPU.Build.0 = Debug|Any CPU
		{60C2B270-645A-4C8B-A39A-78ED35B4C5C8}.Release|Any CPU.ActiveCfg = Release|Any CPU
		{60C2B270-645A-4C8B-A39A-78ED35B4C5C8}.Release|Any CPU.Build.0 = Release|Any CPU
	EndGlobalSection
	GlobalSection(SolutionProperties) = preSolution
		HideSolutionNode = FALSE
	EndGlobalSection
	GlobalSection(ExtensibilityGlobals) = postSolution
		SolutionGuid = {014A6F81-FB61-4AD6-AF33-33BA1760843E}
	EndGlobalSection
EndGlobal
